
Microsoft Visual Studio Solution File, Format Version 12.00
# Visual Studio 15
VisualStudioVersion = 15.0.26730.15
MinimumVisualStudioVersion = 10.0.40219.1
Project("{FAE04EC0-301F-11D3-BF4B-00C04F79EFBC}") = "Snake", "Snake\Snake.csproj", "{4A87B9C2-4F86-447F-A04B-C1F3F7F8FA4B}"
EndProject
Global
	GlobalSection(SolutionConfigurationPlatforms) = preSolution
		Debug|Any CPU = Debug|Any CPU
		Release|Any CPU = Release|Any CPU
	EndGlobalSection
	GlobalSection(ProjectConfigurationPlatforms) = postSolution
		{4A87B9C2-4F86-447F-A04B-C1F3F7F8FA4B}.Debug|Any CPU.ActiveCfg = Debug|Any CPU
		{4A87B9C2-4F86-447F-A04B-C1F3F7F8FA4B}.Debug|Any CPU.Build.0 = Debug|Any CPU
		{4A87B9C2-4F86-447F-A04B-C1F3F7F8FA4B}.Release|Any CPU.ActiveCfg = Release|Any CPU
		{4A87B9C2-4F86-447F-A04B-C1F3F7F8FA4B}.Release|Any CPU.Build.0 = Release|Any CPU
	EndGlobalSection
	GlobalSection(SolutionProperties) = preSolution
		HideSolutionNode = FALSE
	EndGlobalSection
	GlobalSection(ExtensibilityGlobals) = postSolution
		SolutionGuid = {80859A13-4CC7-4B01-BE59-6BA5BC83A207}
	EndGlobalSection
EndGlobal
